
Microsoft Visual Studio Solution File, Format Version 12.00
# Visual Studio Version 16
VisualStudioVersion = 16.0.810.18
MinimumVisualStudioVersion = 10.0.40219.1
Project("{FAE04EC0-301F-11D3-BF4B-00C04F79EFBC}") = "FunctionsReturnAndArrays", "FunctionsReturnAndArrays\FunctionsReturnAndArrays.csproj", "{F5CFBD76-7E9B-4410-B234-B8568225DA41}"
EndProject
Project("{FAE04EC0-301F-11D3-BF4B-00C04F79EFBC}") = "FridayNightRandom", "FridayNightRandom\FridayNightRandom.csproj", "{D4D3C723-5F26-495B-B6F3-6FE692158EA3}"
EndProject
Project("{FAE04EC0-301F-11D3-BF4B-00C04F79EFBC}") = "FridayNightRandomReturn", "FridayNightRandomReturn\FridayNightRandomReturn.csproj", "{6577C83D-3452-4CF5-883F-5E0131B4D120}"
EndProject
Project("{FAE04EC0-301F-11D3-BF4B-00C04F79EFBC}") = "PickRandomFromFile", "PickRandomFromFile\PickRandomFromFile.csproj", "{13D6ABDD-C233-49D6-B6CC-10AC12AD3542}"
EndProject
Project("{FAE04EC0-301F-11D3-BF4B-00C04F79EFBC}") = "ChuckNorris", "ChuckNorris\ChuckNorris.csproj", "{337AEF87-9419-4BD0-9AB2-2A748DE2E819}"
EndProject
Global
	GlobalSection(SolutionConfigurationPlatforms) = preSolution
		Debug|Any CPU = Debug|Any CPU
		Release|Any CPU = Release|Any CPU
	EndGlobalSection
	GlobalSection(ProjectConfigurationPlatforms) = postSolution
		{F5CFBD76-7E9B-4410-B234-B8568225DA41}.Debug|Any CPU.ActiveCfg = Debug|Any CPU
		{F5CFBD76-7E9B-4410-B234-B8568225DA41}.Debug|Any CPU.Build.0 = Debug|Any CPU
		{F5CFBD76-7E9B-4410-B234-B8568225DA41}.Release|Any CPU.ActiveCfg = Release|Any CPU
		{F5CFBD76-7E9B-4410-B234-B8568225DA41}.Release|Any CPU.Build.0 = Release|Any CPU
		{D4D3C723-5F26-495B-B6F3-6FE692158EA3}.Debug|Any CPU.ActiveCfg = Debug|Any CPU
		{D4D3C723-5F26-495B-B6F3-6FE692158EA3}.Debug|Any CPU.Build.0 = Debug|Any CPU
		{D4D3C723-5F26-495B-B6F3-6FE692158EA3}.Release|Any CPU.ActiveCfg = Release|Any CPU
		{D4D3C723-5F26-495B-B6F3-6FE692158EA3}.Release|Any CPU.Build.0 = Release|Any CPU
		{6577C83D-3452-4CF5-883F-5E0131B4D120}.Debug|Any CPU.ActiveCfg = Debug|Any CPU
		{6577C83D-3452-4CF5-883F-5E0131B4D120}.Debug|Any CPU.Build.0 = Debug|Any CPU
		{6577C83D-3452-4CF5-883F-5E0131B4D120}.Release|Any CPU.ActiveCfg = Release|Any CPU
		{6577C83D-3452-4CF5-883F-5E0131B4D120}.Release|Any CPU.Build.0 = Release|Any CPU
		{13D6ABDD-C233-49D6-B6CC-10AC12AD3542}.Debug|Any CPU.ActiveCfg = Debug|Any CPU
		{13D6ABDD-C233-49D6-B6CC-10AC12AD3542}.Debug|Any CPU.Build.0 = Debug|Any CPU
		{13D6ABDD-C233-49D6-B6CC-10AC12AD3542}.Release|Any CPU.ActiveCfg = Release|Any CPU
		{13D6ABDD-C233-49D6-B6CC-10AC12AD3542}.Release|Any CPU.Build.0 = Release|Any CPU
		{337AEF87-9419-4BD0-9AB2-2A748DE2E819}.Debug|Any CPU.ActiveCfg = Debug|Any CPU
		{337AEF87-9419-4BD0-9AB2-2A748DE2E819}.Debug|Any CPU.Build.0 = Debug|Any CPU
		{337AEF87-9419-4BD0-9AB2-2A748DE2E819}.Release|Any CPU.ActiveCfg = Release|Any CPU
		{337AEF87-9419-4BD0-9AB2-2A748DE2E819}.Release|Any CPU.Build.0 = Release|Any CPU
	EndGlobalSection
	GlobalSection(SolutionProperties) = preSolution
		HideSolutionNode = FALSE
	EndGlobalSection
	GlobalSection(ExtensibilityGlobals) = postSolution
		SolutionGuid = {13277AAC-7014-4E76-8F05-77C5F4243B43}
	EndGlobalSection
EndGlobal
